
Microsoft Visual Studio Solution File, Format Version 12.00
# Visual Studio Version 16
VisualStudioVersion = 16.0.29519.87
MinimumVisualStudioVersion = 10.0.40219.1
Project("{888888A0-9F3D-457C-B088-3A5042F75D52}") = "api", "api.pyproj", "{4489F40D-7A1D-41A5-8600-154F1E38D8F1}"
EndProject
Global
	GlobalSection(SolutionConfigurationPlatforms) = preSolution
		Debug|Any CPU = Debug|Any CPU
		Release|Any CPU = Release|Any CPU
	EndGlobalSection
	GlobalSection(ProjectConfigurationPlatforms) = postSolution
		{4489F40D-7A1D-41A5-8600-154F1E38D8F1}.Debug|Any CPU.ActiveCfg = Debug|Any CPU
		{4489F40D-7A1D-41A5-8600-154F1E38D8F1}.Debug|Any CPU.Build.0 = Debug|Any CPU
		{4489F40D-7A1D-41A5-8600-154F1E38D8F1}.Release|Any CPU.ActiveCfg = Release|Any CPU
		{4489F40D-7A1D-41A5-8600-154F1E38D8F1}.Release|Any CPU.Build.0 = Release|Any CPU
	EndGlobalSection
	GlobalSection(SolutionProperties) = preSolution
		HideSolutionNode = FALSE
	EndGlobalSection
	GlobalSection(ExtensibilityGlobals) = postSolution
		SolutionGuid = {9D7A32B1-5316-4497-ABD0-FBA898C10C63}
	EndGlobalSection
EndGlobal
